// !$*UTF8*$!
{
	archiveVersion = 1;
	classes = {
	};
	objectVersion = 56;
	objects = {

/* Begin PBXBuildFile section */
		8514DEA82C30AFEA007712E3 /* ContentView.swift in Sources */ = {isa = PBXBuildFile; fileRef = 8514DEA72C30AFEA007712E3 /* ContentView.swift */; };
		8514DEAA2C30AFEB007712E3 /* Assets.xcassets in Resources */ = {isa = PBXBuildFile; fileRef = 8514DEA92C30AFEB007712E3 /* Assets.xcassets */; };
		8514DEAE2C30AFEB007712E3 /* Preview Assets.xcassets in Resources */ = {isa = PBXBuildFile; fileRef = 8514DEAD2C30AFEB007712E3 /* Preview Assets.xcassets */; };
		8514DEB82C30AFEB007712E3 /* Habit_TrackerTests.swift in Sources */ = {isa = PBXBuildFile; fileRef = 8514DEB72C30AFEB007712E3 /* Habit_TrackerTests.swift */; };
		8514DEC22C30AFEB007712E3 /* Habit_TrackerUITests.swift in Sources */ = {isa = PBXBuildFile; fileRef = 8514DEC12C30AFEB007712E3 /* Habit_TrackerUITests.swift */; };
		8514DEC42C30AFEB007712E3 /* Habit_TrackerUITestsLaunchTests.swift in Sources */ = {isa = PBXBuildFile; fileRef = 8514DEC32C30AFEB007712E3 /* Habit_TrackerUITestsLaunchTests.swift */; };
		8514DED12C30B0B8007712E3 /* DailyView.swift in Sources */ = {isa = PBXBuildFile; fileRef = 8514DED02C30B0B8007712E3 /* DailyView.swift */; };
		8514DED42C30B220007712E3 /* Habit.swift in Sources */ = {isa = PBXBuildFile; fileRef = 8514DED32C30B220007712E3 /* Habit.swift */; };
		8514DED72C30B318007712E3 /* Goal.swift in Sources */ = {isa = PBXBuildFile; fileRef = 8514DED62C30B318007712E3 /* Goal.swift */; };
		8514DED92C30B595007712E3 /* HabitType.swift in Sources */ = {isa = PBXBuildFile; fileRef = 8514DED82C30B595007712E3 /* HabitType.swift */; };
		8514DEDB2C30B679007712E3 /* HabitTrackerApp.swift in Sources */ = {isa = PBXBuildFile; fileRef = 8514DEDA2C30B679007712E3 /* HabitTrackerApp.swift */; };
		8514DEDD2C30BC72007712E3 /* HabitCardView.swift in Sources */ = {isa = PBXBuildFile; fileRef = 8514DEDC2C30BC72007712E3 /* HabitCardView.swift */; };
		8514DEDF2C30E114007712E3 /* NewHabitView.swift in Sources */ = {isa = PBXBuildFile; fileRef = 8514DEDE2C30E114007712E3 /* NewHabitView.swift */; };
		8514DEE12C30F644007712E3 /* HabitEditView.swift in Sources */ = {isa = PBXBuildFile; fileRef = 8514DEE02C30F644007712E3 /* HabitEditView.swift */; };
		8514DEE32C310030007712E3 /* HabitEditorView.swift in Sources */ = {isa = PBXBuildFile; fileRef = 8514DEE22C310030007712E3 /* HabitEditorView.swift */; };
		8514DEE72C31B803007712E3 /* PastelColor.swift in Sources */ = {isa = PBXBuildFile; fileRef = 8514DEE62C31B803007712E3 /* PastelColor.swift */; };
		8514DEE92C31C574007712E3 /* HabitRecord.swift in Sources */ = {isa = PBXBuildFile; fileRef = 8514DEE82C31C574007712E3 /* HabitRecord.swift */; };
/* End PBXBuildFile section */

/* Begin PBXContainerItemProxy section */
		8514DEB42C30AFEB007712E3 /* PBXContainerItemProxy */ = {
			isa = PBXContainerItemProxy;
			containerPortal = 8514DE9A2C30AFEA007712E3 /* Project object */;
			proxyType = 1;
			remoteGlobalIDString = 8514DEA12C30AFEA007712E3;
			remoteInfo = "Habit Tracker";
		};
		8514DEBE2C30AFEB007712E3 /* PBXContainerItemProxy */ = {
			isa = PBXContainerItemProxy;
			containerPortal = 8514DE9A2C30AFEA007712E3 /* Project object */;
			proxyType = 1;
			remoteGlobalIDString = 8514DEA12C30AFEA007712E3;
			remoteInfo = "Habit Tracker";
		};
/* End PBXContainerItemProxy section */

/* Begin PBXFileReference section */
		8514DEA22C30AFEA007712E3 /* Habit Tracker.app */ = {isa = PBXFileReference; explicitFileType = wrapper.application; includeInIndex = 0; path = "Habit Tracker.app"; sourceTree = BUILT_PRODUCTS_DIR; };
		8514DEA72C30AFEA007712E3 /* ContentView.swift */ = {isa = PBXFileReference; lastKnownFileType = sourcecode.swift; path = ContentView.swift; sourceTree = "<group>"; };
		8514DEA92C30AFEB007712E3 /* Assets.xcassets */ = {isa = PBXFileReference; lastKnownFileType = folder.assetcatalog; path = Assets.xcassets; sourceTree = "<group>"; };
		8514DEAB2C30AFEB007712E3 /* Habit_Tracker.entitlements */ = {isa = PBXFileReference; lastKnownFileType = text.plist.entitlements; path = Habit_Tracker.entitlements; sourceTree = "<group>"; };
		8514DEAD2C30AFEB007712E3 /* Preview Assets.xcassets */ = {isa = PBXFileReference; lastKnownFileType = folder.assetcatalog; path = "Preview Assets.xcassets"; sourceTree = "<group>"; };
		8514DEB32C30AFEB007712E3 /* Habit TrackerTests.xctest */ = {isa = PBXFileReference; explicitFileType = wrapper.cfbundle; includeInIndex = 0; path = "Habit TrackerTests.xctest"; sourceTree = BUILT_PRODUCTS_DIR; };
		8514DEB72C30AFEB007712E3 /* Habit_TrackerTests.swift */ = {isa = PBXFileReference; lastKnownFileType = sourcecode.swift; path = Habit_TrackerTests.swift; sourceTree = "<group>"; };
		8514DEBD2C30AFEB007712E3 /* Habit TrackerUITests.xctest */ = {isa = PBXFileReference; explicitFileType = wrapper.cfbundle; includeInIndex = 0; path = "Habit TrackerUITests.xctest"; sourceTree = BUILT_PRODUCTS_DIR; };
		8514DEC12C30AFEB007712E3 /* Habit_TrackerUITests.swift */ = {isa = PBXFileReference; lastKnownFileType = sourcecode.swift; path = Habit_TrackerUITests.swift; sourceTree = "<group>"; };
		8514DEC32C30AFEB007712E3 /* Habit_TrackerUITestsLaunchTests.swift */ = {isa = PBXFileReference; lastKnownFileType = sourcecode.swift; path = Habit_TrackerUITestsLaunchTests.swift; sourceTree = "<group>"; };
		8514DED02C30B0B8007712E3 /* DailyView.swift */ = {isa = PBXFileReference; lastKnownFileType = sourcecode.swift; path = DailyView.swift; sourceTree = "<group>"; };
		8514DED32C30B220007712E3 /* Habit.swift */ = {isa = PBXFileReference; lastKnownFileType = sourcecode.swift; path = Habit.swift; sourceTree = "<group>"; };
		8514DED62C30B318007712E3 /* Goal.swift */ = {isa = PBXFileReference; lastKnownFileType = sourcecode.swift; path = Goal.swift; sourceTree = "<group>"; };
		8514DED82C30B595007712E3 /* HabitType.swift */ = {isa = PBXFileReference; lastKnownFileType = sourcecode.swift; path = HabitType.swift; sourceTree = "<group>"; };
		8514DEDA2C30B679007712E3 /* HabitTrackerApp.swift */ = {isa = PBXFileReference; fileEncoding = 4; lastKnownFileType = sourcecode.swift; name = HabitTrackerApp.swift; path = "Habit Tracker/HabitTrackerApp.swift"; sourceTree = SOURCE_ROOT; };
		8514DEDC2C30BC72007712E3 /* HabitCardView.swift */ = {isa = PBXFileReference; lastKnownFileType = sourcecode.swift; path = HabitCardView.swift; sourceTree = "<group>"; };
		8514DEDE2C30E114007712E3 /* NewHabitView.swift */ = {isa = PBXFileReference; lastKnownFileType = sourcecode.swift; path = NewHabitView.swift; sourceTree = "<group>"; };
		8514DEE02C30F644007712E3 /* HabitEditView.swift */ = {isa = PBXFileReference; lastKnownFileType = sourcecode.swift; path = HabitEditView.swift; sourceTree = "<group>"; };
		8514DEE22C310030007712E3 /* HabitEditorView.swift */ = {isa = PBXFileReference; lastKnownFileType = sourcecode.swift; path = HabitEditorView.swift; sourceTree = "<group>"; };
		8514DEE62C31B803007712E3 /* PastelColor.swift */ = {isa = PBXFileReference; lastKnownFileType = sourcecode.swift; path = PastelColor.swift; sourceTree = "<group>"; };
		8514DEE82C31C574007712E3 /* HabitRecord.swift */ = {isa = PBXFileReference; lastKnownFileType = sourcecode.swift; path = HabitRecord.swift; sourceTree = "<group>"; };
/* End PBXFileReference section */

/* Begin PBXFrameworksBuildPhase section */
		8514DE9F2C30AFEA007712E3 /* Frameworks */ = {
			isa = PBXFrameworksBuildPhase;
			buildActionMask = 2147483647;
			files = (
			);
			runOnlyForDeploymentPostprocessing = 0;
		};
		8514DEB02C30AFEB007712E3 /* Frameworks */ = {
			isa = PBXFrameworksBuildPhase;
			buildActionMask = 2147483647;
			files = (
			);
			runOnlyForDeploymentPostprocessing = 0;
		};
		8514DEBA2C30AFEB007712E3 /* Frameworks */ = {
			isa = PBXFrameworksBuildPhase;
			buildActionMask = 2147483647;
			files = (
			);
			runOnlyForDeploymentPostprocessing = 0;
		};
/* End PBXFrameworksBuildPhase section */

/* Begin PBXGroup section */
		8514DE992C30AFEA007712E3 = {
			isa = PBXGroup;
			children = (
				8514DEA42C30AFEA007712E3 /* Habit Tracker */,
				8514DEB62C30AFEB007712E3 /* Habit TrackerTests */,
				8514DEC02C30AFEB007712E3 /* Habit TrackerUITests */,
				8514DEA32C30AFEA007712E3 /* Products */,
			);
			sourceTree = "<group>";
		};
		8514DEA32C30AFEA007712E3 /* Products */ = {
			isa = PBXGroup;
			children = (
				8514DEA22C30AFEA007712E3 /* Habit Tracker.app */,
				8514DEB32C30AFEB007712E3 /* Habit TrackerTests.xctest */,
				8514DEBD2C30AFEB007712E3 /* Habit TrackerUITests.xctest */,
			);
			name = Products;
			sourceTree = "<group>";
		};
		8514DEA42C30AFEA007712E3 /* Habit Tracker */ = {
			isa = PBXGroup;
			children = (
				8514DEA92C30AFEB007712E3 /* Assets.xcassets */,
				8514DEAB2C30AFEB007712E3 /* Habit_Tracker.entitlements */,
				8514DEAC2C30AFEB007712E3 /* Preview Content */,
				8514DED22C30B210007712E3 /* Models */,
				8514DEDA2C30B679007712E3 /* HabitTrackerApp.swift */,
				8514DED02C30B0B8007712E3 /* DailyView.swift */,
				8514DEDE2C30E114007712E3 /* NewHabitView.swift */,
				8514DEE02C30F644007712E3 /* HabitEditView.swift */,
				8514DEE22C310030007712E3 /* HabitEditorView.swift */,
				8514DEDC2C30BC72007712E3 /* HabitCardView.swift */,
				8514DEA72C30AFEA007712E3 /* ContentView.swift */,
			);
			path = "Habit Tracker";
			sourceTree = "<group>";
		};
		8514DEAC2C30AFEB007712E3 /* Preview Content */ = {
			isa = PBXGroup;
			children = (
				8514DEAD2C30AFEB007712E3 /* Preview Assets.xcassets */,
			);
			path = "Preview Content";
			sourceTree = "<group>";
		};
		8514DEB62C30AFEB007712E3 /* Habit TrackerTests */ = {
			isa = PBXGroup;
			children = (
				8514DEB72C30AFEB007712E3 /* Habit_TrackerTests.swift */,
			);
			path = "Habit TrackerTests";
			sourceTree = "<group>";
		};
		8514DEC02C30AFEB007712E3 /* Habit TrackerUITests */ = {
			isa = PBXGroup;
			children = (
				8514DEC12C30AFEB007712E3 /* Habit_TrackerUITests.swift */,
				8514DEC32C30AFEB007712E3 /* Habit_TrackerUITestsLaunchTests.swift */,
			);
			path = "Habit TrackerUITests";
			sourceTree = "<group>";
		};
		8514DED22C30B210007712E3 /* Models */ = {
			isa = PBXGroup;
			children = (
				8514DED32C30B220007712E3 /* Habit.swift */,
				8514DEE82C31C574007712E3 /* HabitRecord.swift */,
				8514DED62C30B318007712E3 /* Goal.swift */,
				8514DED82C30B595007712E3 /* HabitType.swift */,
				8514DEE62C31B803007712E3 /* PastelColor.swift */,
			);
			path = Models;
			sourceTree = "<group>";
		};
/* End PBXGroup section */

/* Begin PBXNativeTarget section */
		8514DEA12C30AFEA007712E3 /* Habit Tracker */ = {
			isa = PBXNativeTarget;
			buildConfigurationList = 8514DEC72C30AFEB007712E3 /* Build configuration list for PBXNativeTarget "Habit Tracker" */;
			buildPhases = (
				8514DE9E2C30AFEA007712E3 /* Sources */,
				8514DE9F2C30AFEA007712E3 /* Frameworks */,
				8514DEA02C30AFEA007712E3 /* Resources */,
			);
			buildRules = (
			);
			dependencies = (
			);
			name = "Habit Tracker";
			productName = "Habit Tracker";
			productReference = 8514DEA22C30AFEA007712E3 /* Habit Tracker.app */;
			productType = "com.apple.product-type.application";
		};
		8514DEB22C30AFEB007712E3 /* Habit TrackerTests */ = {
			isa = PBXNativeTarget;
			buildConfigurationList = 8514DECA2C30AFEB007712E3 /* Build configuration list for PBXNativeTarget "Habit TrackerTests" */;
			buildPhases = (
				8514DEAF2C30AFEB007712E3 /* Sources */,
				8514DEB02C30AFEB007712E3 /* Frameworks */,
				8514DEB12C30AFEB007712E3 /* Resources */,
			);
			buildRules = (
			);
			dependencies = (
				8514DEB52C30AFEB007712E3 /* PBXTargetDependency */,
			);
			name = "Habit TrackerTests";
			productName = "Habit TrackerTests";
			productReference = 8514DEB32C30AFEB007712E3 /* Habit TrackerTests.xctest */;
			productType = "com.apple.product-type.bundle.unit-test";
		};
		8514DEBC2C30AFEB007712E3 /* Habit TrackerUITests */ = {
			isa = PBXNativeTarget;
			buildConfigurationList = 8514DECD2C30AFEB007712E3 /* Build configuration list for PBXNativeTarget "Habit TrackerUITests" */;
			buildPhases = (
				8514DEB92C30AFEB007712E3 /* Sources */,
				8514DEBA2C30AFEB007712E3 /* Frameworks */,
				8514DEBB2C30AFEB007712E3 /* Resources */,
			);
			buildRules = (
			);
			dependencies = (
				8514DEBF2C30AFEB007712E3 /* PBXTargetDependency */,
			);
			name = "Habit TrackerUITests";
			productName = "Habit TrackerUITests";
			productReference = 8514DEBD2C30AFEB007712E3 /* Habit TrackerUITests.xctest */;
			productType = "com.apple.product-type.bundle.ui-testing";
		};
/* End PBXNativeTarget section */

/* Begin PBXProject section */
		8514DE9A2C30AFEA007712E3 /* Project object */ = {
			isa = PBXProject;
			attributes = {
				BuildIndependentTargetsInParallel = 1;
				LastSwiftUpdateCheck = 1540;
				LastUpgradeCheck = 1540;
				TargetAttributes = {
					8514DEA12C30AFEA007712E3 = {
						CreatedOnToolsVersion = 15.4;
					};
					8514DEB22C30AFEB007712E3 = {
						CreatedOnToolsVersion = 15.4;
						TestTargetID = 8514DEA12C30AFEA007712E3;
					};
					8514DEBC2C30AFEB007712E3 = {
						CreatedOnToolsVersion = 15.4;
						TestTargetID = 8514DEA12C30AFEA007712E3;
					};
				};
			};
			buildConfigurationList = 8514DE9D2C30AFEA007712E3 /* Build configuration list for PBXProject "Habit Tracker" */;
			compatibilityVersion = "Xcode 14.0";
			developmentRegion = en;
			hasScannedForEncodings = 0;
			knownRegions = (
				en,
				Base,
			);
			mainGroup = 8514DE992C30AFEA007712E3;
			productRefGroup = 8514DEA32C30AFEA007712E3 /* Products */;
			projectDirPath = "";
			projectRoot = "";
			targets = (
				8514DEA12C30AFEA007712E3 /* Habit Tracker */,
				8514DEB22C30AFEB007712E3 /* Habit TrackerTests */,
				8514DEBC2C30AFEB007712E3 /* Habit TrackerUITests */,
			);
		};
/* End PBXProject section */

/* Begin PBXResourcesBuildPhase section */
		8514DEA02C30AFEA007712E3 /* Resources */ = {
			isa = PBXResourcesBuildPhase;
			buildActionMask = 2147483647;
			files = (
				8514DEAE2C30AFEB007712E3 /* Preview Assets.xcassets in Resources */,
				8514DEAA2C30AFEB007712E3 /* Assets.xcassets in Resources */,
			);
			runOnlyForDeploymentPostprocessing = 0;
		};
		8514DEB12C30AFEB007712E3 /* Resources */ = {
			isa = PBXResourcesBuildPhase;
			buildActionMask = 2147483647;
			files = (
			);
			runOnlyForDeploymentPostprocessing = 0;
		};
		8514DEBB2C30AFEB007712E3 /* Resources */ = {
			isa = PBXResourcesBuildPhase;
			buildActionMask = 2147483647;
			files = (
			);
			runOnlyForDeploymentPostprocessing = 0;
		};
/* End PBXResourcesBuildPhase section */

/* Begin PBXSourcesBuildPhase section */
		8514DE9E2C30AFEA007712E3 /* Sources */ = {
			isa = PBXSourcesBuildPhase;
			buildActionMask = 2147483647;
			files = (
				8514DED12C30B0B8007712E3 /* DailyView.swift in Sources */,
				8514DEE12C30F644007712E3 /* HabitEditView.swift in Sources */,
				8514DEA82C30AFEA007712E3 /* ContentView.swift in Sources */,
				8514DEE92C31C574007712E3 /* HabitRecord.swift in Sources */,
				8514DEE72C31B803007712E3 /* PastelColor.swift in Sources */,
				8514DEDF2C30E114007712E3 /* NewHabitView.swift in Sources */,
				8514DED42C30B220007712E3 /* Habit.swift in Sources */,
				8514DEDD2C30BC72007712E3 /* HabitCardView.swift in Sources */,
				8514DEE32C310030007712E3 /* HabitEditorView.swift in Sources */,
				8514DEDB2C30B679007712E3 /* HabitTrackerApp.swift in Sources */,
				8514DED72C30B318007712E3 /* Goal.swift in Sources */,
				8514DED92C30B595007712E3 /* HabitType.swift in Sources */,
			);
			runOnlyForDeploymentPostprocessing = 0;
		};
		8514DEAF2C30AFEB007712E3 /* Sources */ = {
			isa = PBXSourcesBuildPhase;
			buildActionMask = 2147483647;
			files = (
				8514DEB82C30AFEB007712E3 /* Habit_TrackerTests.swift in Sources */,
			);
			runOnlyForDeploymentPostprocessing = 0;
		};
		8514DEB92C30AFEB007712E3 /* Sources */ = {
			isa = PBXSourcesBuildPhase;
			buildActionMask = 2147483647;
			files = (
				8514DEC42C30AFEB007712E3 /* Habit_TrackerUITestsLaunchTests.swift in Sources */,
				8514DEC22C30AFEB007712E3 /* Habit_TrackerUITests.swift in Sources */,
			);
			runOnlyForDeploymentPostprocessing = 0;
		};
/* End PBXSourcesBuildPhase section */

/* Begin PBXTargetDependency section */
		8514DEB52C30AFEB007712E3 /* PBXTargetDependency */ = {
			isa = PBXTargetDependency;
			target = 8514DEA12C30AFEA007712E3 /* Habit Tracker */;
			targetProxy = 8514DEB42C30AFEB007712E3 /* PBXContainerItemProxy */;
		};
		8514DEBF2C30AFEB007712E3 /* PBXTargetDependency */ = {
			isa = PBXTargetDependency;
			target = 8514DEA12C30AFEA007712E3 /* Habit Tracker */;
			targetProxy = 8514DEBE2C30AFEB007712E3 /* PBXContainerItemProxy */;
		};
/* End PBXTargetDependency section */

/* Begin XCBuildConfiguration section */
		8514DEC52C30AFEB007712E3 /* Debug */ = {
			isa = XCBuildConfiguration;
			buildSettings = {
				ALWAYS_SEARCH_USER_PATHS = NO;
				ASSETCATALOG_COMPILER_GENERATE_SWIFT_ASSET_SYMBOL_EXTENSIONS = YES;
				CLANG_ANALYZER_NONNULL = YES;
				CLANG_ANALYZER_NUMBER_OBJECT_CONVERSION = YES_AGGRESSIVE;
				CLANG_CXX_LANGUAGE_STANDARD = "gnu++20";
				CLANG_ENABLE_MODULES = YES;
				CLANG_ENABLE_OBJC_ARC = YES;
				CLANG_ENABLE_OBJC_WEAK = YES;
				CLANG_WARN_BLOCK_CAPTURE_AUTORELEASING = YES;
				CLANG_WARN_BOOL_CONVERSION = YES;
				CLANG_WARN_COMMA = YES;
				CLANG_WARN_CONSTANT_CONVERSION = YES;
				CLANG_WARN_DEPRECATED_OBJC_IMPLEMENTATIONS = YES;
				CLANG_WARN_DIRECT_OBJC_ISA_USAGE = YES_ERROR;
				CLANG_WARN_DOCUMENTATION_COMMENTS = YES;
				CLANG_WARN_EMPTY_BODY = YES;
				CLANG_WARN_ENUM_CONVERSION = YES;
				CLANG_WARN_INFINITE_RECURSION = YES;
				CLANG_WARN_INT_CONVERSION = YES;
				CLANG_WARN_NON_LITERAL_NULL_CONVERSION = YES;
				CLANG_WARN_OBJC_IMPLICIT_RETAIN_SELF = YES;
				CLANG_WARN_OBJC_LITERAL_CONVERSION = YES;
				CLANG_WARN_OBJC_ROOT_CLASS = YES_ERROR;
				CLANG_WARN_QUOTED_INCLUDE_IN_FRAMEWORK_HEADER = YES;
				CLANG_WARN_RANGE_LOOP_ANALYSIS = YES;
				CLANG_WARN_STRICT_PROTOTYPES = YES;
				CLANG_WARN_SUSPICIOUS_MOVE = YES;
				CLANG_WARN_UNGUARDED_AVAILABILITY = YES_AGGRESSIVE;
				CLANG_WARN_UNREACHABLE_CODE = YES;
				CLANG_WARN__DUPLICATE_METHOD_MATCH = YES;
				COPY_PHASE_STRIP = NO;
				DEBUG_INFORMATION_FORMAT = dwarf;
				ENABLE_STRICT_OBJC_MSGSEND = YES;
				ENABLE_TESTABILITY = YES;
				ENABLE_USER_SCRIPT_SANDBOXING = YES;
				GCC_C_LANGUAGE_STANDARD = gnu17;
				GCC_DYNAMIC_NO_PIC = NO;
				GCC_NO_COMMON_BLOCKS = YES;
				GCC_OPTIMIZATION_LEVEL = 0;
				GCC_PREPROCESSOR_DEFINITIONS = (
					"DEBUG=1",
					"$(inherited)",
				);
				GCC_WARN_64_TO_32_BIT_CONVERSION = YES;
				GCC_WARN_ABOUT_RETURN_TYPE = YES_ERROR;
				GCC_WARN_UNDECLARED_SELECTOR = YES;
				GCC_WARN_UNINITIALIZED_AUTOS = YES_AGGRESSIVE;
				GCC_WARN_UNUSED_FUNCTION = YES;
				GCC_WARN_UNUSED_VARIABLE = YES;
				LOCALIZATION_PREFERS_STRING_CATALOGS = YES;
				MTL_ENABLE_DEBUG_INFO = INCLUDE_SOURCE;
				MTL_FAST_MATH = YES;
				ONLY_ACTIVE_ARCH = YES;
				SWIFT_ACTIVE_COMPILATION_CONDITIONS = "DEBUG $(inherited)";
				SWIFT_OPTIMIZATION_LEVEL = "-Onone";
			};
			name = Debug;
		};
		8514DEC62C30AFEB007712E3 /* Release */ = {
			isa = XCBuildConfiguration;
			buildSettings = {
				ALWAYS_SEARCH_USER_PATHS = NO;
				ASSETCATALOG_COMPILER_GENERATE_SWIFT_ASSET_SYMBOL_EXTENSIONS = YES;
				CLANG_ANALYZER_NONNULL = YES;
				CLANG_ANALYZER_NUMBER_OBJECT_CONVERSION = YES_AGGRESSIVE;
				CLANG_CXX_LANGUAGE_STANDARD = "gnu++20";
				CLANG_ENABLE_MODULES = YES;
				CLANG_ENABLE_OBJC_ARC = YES;
				CLANG_ENABLE_OBJC_WEAK = YES;
				CLANG_WARN_BLOCK_CAPTURE_AUTORELEASING = YES;
				CLANG_WARN_BOOL_CONVERSION = YES;
				CLANG_WARN_COMMA = YES;
				CLANG_WARN_CONSTANT_CONVERSION = YES;
				CLANG_WARN_DEPRECATED_OBJC_IMPLEMENTATIONS = YES;
				CLANG_WARN_DIRECT_OBJC_ISA_USAGE = YES_ERROR;
				CLANG_WARN_DOCUMENTATION_COMMENTS = YES;
				CLANG_WARN_EMPTY_BODY = YES;
				CLANG_WARN_ENUM_CONVERSION = YES;
				CLANG_WARN_INFINITE_RECURSION = YES;
				CLANG_WARN_INT_CONVERSION = YES;
				CLANG_WARN_NON_LITERAL_NULL_CONVERSION = YES;
				CLANG_WARN_OBJC_IMPLICIT_RETAIN_SELF = YES;
				CLANG_WARN_OBJC_LITERAL_CONVERSION = YES;
				CLANG_WARN_OBJC_ROOT_CLASS = YES_ERROR;
				CLANG_WARN_QUOTED_INCLUDE_IN_FRAMEWORK_HEADER = YES;
				CLANG_WARN_RANGE_LOOP_ANALYSIS = YES;
				CLANG_WARN_STRICT_PROTOTYPES = YES;
				CLANG_WARN_SUSPICIOUS_MOVE = YES;
				CLANG_WARN_UNGUARDED_AVAILABILITY = YES_AGGRESSIVE;
				CLANG_WARN_UNREACHABLE_CODE = YES;
				CLANG_WARN__DUPLICATE_METHOD_MATCH = YES;
				COPY_PHASE_STRIP = NO;
				DEBUG_INFORMATION_FORMAT = "dwarf-with-dsym";
				ENABLE_NS_ASSERTIONS = NO;
				ENABLE_STRICT_OBJC_MSGSEND = YES;
				ENABLE_USER_SCRIPT_SANDBOXING = YES;
				GCC_C_LANGUAGE_STANDARD = gnu17;
				GCC_NO_COMMON_BLOCKS = YES;
				GCC_WARN_64_TO_32_BIT_CONVERSION = YES;
				GCC_WARN_ABOUT_RETURN_TYPE = YES_ERROR;
				GCC_WARN_UNDECLARED_SELECTOR = YES;
				GCC_WARN_UNINITIALIZED_AUTOS = YES_AGGRESSIVE;
				GCC_WARN_UNUSED_FUNCTION = YES;
				GCC_WARN_UNUSED_VARIABLE = YES;
				LOCALIZATION_PREFERS_STRING_CATALOGS = YES;
				MTL_ENABLE_DEBUG_INFO = NO;
				MTL_FAST_MATH = YES;
				SWIFT_COMPILATION_MODE = wholemodule;
			};
			name = Release;
		};
		8514DEC82C30AFEB007712E3 /* Debug */ = {
			isa = XCBuildConfiguration;
			buildSettings = {
				ASSETCATALOG_COMPILER_APPICON_NAME = AppIcon;
				ASSETCATALOG_COMPILER_GLOBAL_ACCENT_COLOR_NAME = AccentColor;
				CODE_SIGN_ENTITLEMENTS = "Habit Tracker/Habit_Tracker.entitlements";
				CODE_SIGN_STYLE = Automatic;
				CURRENT_PROJECT_VERSION = 1;
				DEVELOPMENT_ASSET_PATHS = "\"Habit Tracker/Preview Content\"";
				DEVELOPMENT_TEAM = 389W483GVX;
				ENABLE_HARDENED_RUNTIME = YES;
				ENABLE_PREVIEWS = YES;
				GENERATE_INFOPLIST_FILE = YES;
				"INFOPLIST_KEY_UIApplicationSceneManifest_Generation[sdk=iphoneos*]" = YES;
				"INFOPLIST_KEY_UIApplicationSceneManifest_Generation[sdk=iphonesimulator*]" = YES;
				"INFOPLIST_KEY_UIApplicationSupportsIndirectInputEvents[sdk=iphoneos*]" = YES;
				"INFOPLIST_KEY_UIApplicationSupportsIndirectInputEvents[sdk=iphonesimulator*]" = YES;
				"INFOPLIST_KEY_UILaunchScreen_Generation[sdk=iphoneos*]" = YES;
				"INFOPLIST_KEY_UILaunchScreen_Generation[sdk=iphonesimulator*]" = YES;
				"INFOPLIST_KEY_UIStatusBarStyle[sdk=iphoneos*]" = UIStatusBarStyleDefault;
				"INFOPLIST_KEY_UIStatusBarStyle[sdk=iphonesimulator*]" = UIStatusBarStyleDefault;
				INFOPLIST_KEY_UISupportedInterfaceOrientations = UIInterfaceOrientationPortrait;
				INFOPLIST_KEY_UISupportedInterfaceOrientations_iPad = "UIInterfaceOrientationLandscapeLeft UIInterfaceOrientationLandscapeRight UIInterfaceOrientationPortrait UIInterfaceOrientationPortraitUpsideDown";
				INFOPLIST_KEY_UIUserInterfaceStyle = Light;
				IPHONEOS_DEPLOYMENT_TARGET = 17.5;
				LD_RUNPATH_SEARCH_PATHS = "@executable_path/Frameworks";
				"LD_RUNPATH_SEARCH_PATHS[sdk=macosx*]" = "@executable_path/../Frameworks";
				MACOSX_DEPLOYMENT_TARGET = 14.5;
				MARKETING_VERSION = 1.0;
				PRODUCT_BUNDLE_IDENTIFIER = "com.aniryali.Scrumdinger.Habit-Tracker";
				PRODUCT_NAME = "$(TARGET_NAME)";
				SDKROOT = auto;
				SUPPORTED_PLATFORMS = "iphoneos iphonesimulator";
				SUPPORTS_MACCATALYST = NO;
				SWIFT_EMIT_LOC_STRINGS = YES;
				SWIFT_VERSION = 5.0;
				TARGETED_DEVICE_FAMILY = 1;
			};
			name = Debug;
		};
		8514DEC92C30AFEB007712E3 /* Release */ = {
			isa = XCBuildConfiguration;
			buildSettings = {
				ASSETCATALOG_COMPILER_APPICON_NAME = AppIcon;
				ASSETCATALOG_COMPILER_GLOBAL_ACCENT_COLOR_NAME = AccentColor;
				CODE_SIGN_ENTITLEMENTS = "Habit Tracker/Habit_Tracker.entitlements";
				CODE_SIGN_STYLE = Automatic;
				CURRENT_PROJECT_VERSION = 1;
				DEVELOPMENT_ASSET_PATHS = "\"Habit Tracker/Preview Content\"";
				DEVELOPMENT_TEAM = 389W483GVX;
				ENABLE_HARDENED_RUNTIME = YES;
				ENABLE_PREVIEWS = YES;
				GENERATE_INFOPLIST_FILE = YES;
				"INFOPLIST_KEY_UIApplicationSceneManifest_Generation[sdk=iphoneos*]" = YES;
				"INFOPLIST_KEY_UIApplicationSceneManifest_Generation[sdk=iphonesimulator*]" = YES;
				"INFOPLIST_KEY_UIApplicationSupportsIndirectInputEvents[sdk=iphoneos*]" = YES;
				"INFOPLIST_KEY_UIApplicationSupportsIndirectInputEvents[sdk=iphonesimulator*]" = YES;
				"INFOPLIST_KEY_UILaunchScreen_Generation[sdk=iphoneos*]" = YES;
				"INFOPLIST_KEY_UILaunchScreen_Generation[sdk=iphonesimulator*]" = YES;
				"INFOPLIST_KEY_UIStatusBarStyle[sdk=iphoneos*]" = UIStatusBarStyleDefault;
				"INFOPLIST_KEY_UIStatusBarStyle[sdk=iphonesimulator*]" = UIStatusBarStyleDefault;
				INFOPLIST_KEY_UISupportedInterfaceOrientations = UIInterfaceOrientationPortrait;
				INFOPLIST_KEY_UISupportedInterfaceOrientations_iPad = "UIInterfaceOrientationLandscapeLeft UIInterfaceOrientationLandscapeRight UIInterfaceOrientationPortrait UIInterfaceOrientationPortraitUpsideDown";
				INFOPLIST_KEY_UIUserInterfaceStyle = Light;
				IPHONEOS_DEPLOYMENT_TARGET = 17.5;
				LD_RUNPATH_SEARCH_PATHS = "@executable_path/Frameworks";
				"LD_RUNPATH_SEARCH_PATHS[sdk=macosx*]" = "@executable_path/../Frameworks";
				MACOSX_DEPLOYMENT_TARGET = 14.5;
				MARKETING_VERSION = 1.0;
				PRODUCT_BUNDLE_IDENTIFIER = "com.aniryali.Scrumdinger.Habit-Tracker";
				PRODUCT_NAME = "$(TARGET_NAME)";
				SDKROOT = auto;
				SUPPORTED_PLATFORMS = "iphoneos iphonesimulator";
				SUPPORTS_MACCATALYST = NO;
				SWIFT_EMIT_LOC_STRINGS = YES;
				SWIFT_VERSION = 5.0;
				TARGETED_DEVICE_FAMILY = 1;
			};
			name = Release;
		};
		8514DECB2C30AFEB007712E3 /* Debug */ = {
			isa = XCBuildConfiguration;
			buildSettings = {
				ALWAYS_EMBED_SWIFT_STANDARD_LIBRARIES = YES;
				BUNDLE_LOADER = "$(TEST_HOST)";
				CODE_SIGN_STYLE = Automatic;
				CURRENT_PROJECT_VERSION = 1;
				DEVELOPMENT_TEAM = 389W483GVX;
				GENERATE_INFOPLIST_FILE = YES;
				IPHONEOS_DEPLOYMENT_TARGET = 17.5;
				MACOSX_DEPLOYMENT_TARGET = 14.5;
				MARKETING_VERSION = 1.0;
				PRODUCT_BUNDLE_IDENTIFIER = "com.aniryali.Scrumdinger.Habit-TrackerTests";
				PRODUCT_NAME = "$(TARGET_NAME)";
				SDKROOT = auto;
				SUPPORTED_PLATFORMS = "iphoneos iphonesimulator macosx";
				SWIFT_EMIT_LOC_STRINGS = NO;
				SWIFT_VERSION = 5.0;
				TARGETED_DEVICE_FAMILY = "1,2";
				TEST_HOST = "$(BUILT_PRODUCTS_DIR)/Habit Tracker.app/$(BUNDLE_EXECUTABLE_FOLDER_PATH)/Habit Tracker";
			};
			name = Debug;
		};
		8514DECC2C30AFEB007712E3 /* Release */ = {
			isa = XCBuildConfiguration;
			buildSettings = {
				ALWAYS_EMBED_SWIFT_STANDARD_LIBRARIES = YES;
				BUNDLE_LOADER = "$(TEST_HOST)";
				CODE_SIGN_STYLE = Automatic;
				CURRENT_PROJECT_VERSION = 1;
				DEVELOPMENT_TEAM = 389W483GVX;
				GENERATE_INFOPLIST_FILE = YES;
				IPHONEOS_DEPLOYMENT_TARGET = 17.5;
				MACOSX_DEPLOYMENT_TARGET = 14.5;
				MARKETING_VERSION = 1.0;
				PRODUCT_BUNDLE_IDENTIFIER = "com.aniryali.Scrumdinger.Habit-TrackerTests";
				PRODUCT_NAME = "$(TARGET_NAME)";
				SDKROOT = auto;
				SUPPORTED_PLATFORMS = "iphoneos iphonesimulator macosx";
				SWIFT_EMIT_LOC_STRINGS = NO;
				SWIFT_VERSION = 5.0;
				TARGETED_DEVICE_FAMILY = "1,2";
				TEST_HOST = "$(BUILT_PRODUCTS_DIR)/Habit Tracker.app/$(BUNDLE_EXECUTABLE_FOLDER_PATH)/Habit Tracker";
			};
			name = Release;
		};
		8514DECE2C30AFEB007712E3 /* Debug */ = {
			isa = XCBuildConfiguration;
			buildSettings = {
				ALWAYS_EMBED_SWIFT_STANDARD_LIBRARIES = YES;
				CODE_SIGN_STYLE = Automatic;
				CURRENT_PROJECT_VERSION = 1;
				DEVELOPMENT_TEAM = 389W483GVX;
				GENERATE_INFOPLIST_FILE = YES;
				IPHONEOS_DEPLOYMENT_TARGET = 17.5;
				MACOSX_DEPLOYMENT_TARGET = 14.5;
				MARKETING_VERSION = 1.0;
				PRODUCT_BUNDLE_IDENTIFIER = "com.aniryali.Scrumdinger.Habit-TrackerUITests";
				PRODUCT_NAME = "$(TARGET_NAME)";
				SDKROOT = auto;
				SUPPORTED_PLATFORMS = "iphoneos iphonesimulator macosx";
				SWIFT_EMIT_LOC_STRINGS = NO;
				SWIFT_VERSION = 5.0;
				TARGETED_DEVICE_FAMILY = "1,2";
				TEST_TARGET_NAME = "Habit Tracker";
			};
			name = Debug;
		};
		8514DECF2C30AFEB007712E3 /* Release */ = {
			isa = XCBuildConfiguration;
			buildSettings = {
				ALWAYS_EMBED_SWIFT_STANDARD_LIBRARIES = YES;
				CODE_SIGN_STYLE = Automatic;
				CURRENT_PROJECT_VERSION = 1;
				DEVELOPMENT_TEAM = 389W483GVX;
				GENERATE_INFOPLIST_FILE = YES;
				IPHONEOS_DEPLOYMENT_TARGET = 17.5;
				MACOSX_DEPLOYMENT_TARGET = 14.5;
				MARKETING_VERSION = 1.0;
				PRODUCT_BUNDLE_IDENTIFIER = "com.aniryali.Scrumdinger.Habit-TrackerUITests";
				PRODUCT_NAME = "$(TARGET_NAME)";
				SDKROOT = auto;
				SUPPORTED_PLATFORMS = "iphoneos iphonesimulator macosx";
				SWIFT_EMIT_LOC_STRINGS = NO;
				SWIFT_VERSION = 5.0;
				TARGETED_DEVICE_FAMILY = "1,2";
				TEST_TARGET_NAME = "Habit Tracker";
			};
			name = Release;
		};
/* End XCBuildConfiguration section */

/* Begin XCConfigurationList section */
		8514DE9D2C30AFEA007712E3 /* Build configuration list for PBXProject "Habit Tracker" */ = {
			isa = XCConfigurationList;
			buildConfigurations = (
				8514DEC52C30AFEB007712E3 /* Debug */,
				8514DEC62C30AFEB007712E3 /* Release */,
			);
			defaultConfigurationIsVisible = 0;
			defaultConfigurationName = Release;
		};
		8514DEC72C30AFEB007712E3 /* Build configuration list for PBXNativeTarget "Habit Tracker" */ = {
			isa = XCConfigurationList;
			buildConfigurations = (
				8514DEC82C30AFEB007712E3 /* Debug */,
				8514DEC92C30AFEB007712E3 /* Release */,
			);
			defaultConfigurationIsVisible = 0;
			defaultConfigurationName = Release;
		};
		8514DECA2C30AFEB007712E3 /* Build configuration list for PBXNativeTarget "Habit TrackerTests" */ = {
			isa = XCConfigurationList;
			buildConfigurations = (
				8514DECB2C30AFEB007712E3 /* Debug */,
				8514DECC2C30AFEB007712E3 /* Release */,
			);
			defaultConfigurationIsVisible = 0;
			defaultConfigurationName = Release;
		};
		8514DECD2C30AFEB007712E3 /* Build configuration list for PBXNativeTarget "Habit TrackerUITests" */ = {
			isa = XCConfigurationList;
			buildConfigurations = (
				8514DECE2C30AFEB007712E3 /* Debug */,
				8514DECF2C30AFEB007712E3 /* Release */,
			);
			defaultConfigurationIsVisible = 0;
			defaultConfigurationName = Release;
		};
/* End XCConfigurationList section */
	};
	rootObject = 8514DE9A2C30AFEA007712E3 /* Project object */;
}
